
Microsoft Visual Studio Solution File, Format Version 12.00
# Visual Studio Version 17
VisualStudioVersion = 17.13.35919.96 d17.13
MinimumVisualStudioVersion = 10.0.40219.1
Project("{FAE04EC0-301F-11D3-BF4B-00C04F79EFBC}") = "catalogo", "TP2Grupo1B\catalogo.csproj", "{3B700826-2206-4BB9-9502-D1EEEE96706D}"
EndProject
Project("{FAE04EC0-301F-11D3-BF4B-00C04F79EFBC}") = "dominio", "dominio\dominio.csproj", "{18108BF2-2653-4AB6-A546-FB931FDF70F0}"
EndProject
Project("{FAE04EC0-301F-11D3-BF4B-00C04F79EFBC}") = "negocio", "negocio\negocio.csproj", "{E979F250-D5FA-4ADF-827F-C20CDD9B22EE}"
EndProject
Global
	GlobalSection(SolutionConfigurationPlatforms) = preSolution
		Debug|Any CPU = Debug|Any CPU
		Release|Any CPU = Release|Any CPU
	EndGlobalSection
	GlobalSection(ProjectConfigurationPlatforms) = postSolution
		{3B700826-2206-4BB9-9502-D1EEEE96706D}.Debug|Any CPU.ActiveCfg = Debug|Any CPU
		{3B700826-2206-4BB9-9502-D1EEEE96706D}.Debug|Any CPU.Build.0 = Debug|Any CPU
		{3B700826-2206-4BB9-9502-D1EEEE96706D}.Release|Any CPU.ActiveCfg = Release|Any CPU
		{3B700826-2206-4BB9-9502-D1EEEE96706D}.Release|Any CPU.Build.0 = Release|Any CPU
		{18108BF2-2653-4AB6-A546-FB931FDF70F0}.Debug|Any CPU.ActiveCfg = Debug|Any CPU
		{18108BF2-2653-4AB6-A546-FB931FDF70F0}.Debug|Any CPU.Build.0 = Debug|Any CPU
		{18108BF2-2653-4AB6-A546-FB931FDF70F0}.Release|Any CPU.ActiveCfg = Release|Any CPU
		{18108BF2-2653-4AB6-A546-FB931FDF70F0}.Release|Any CPU.Build.0 = Release|Any CPU
		{E979F250-D5FA-4ADF-827F-C20CDD9B22EE}.Debug|Any CPU.ActiveCfg = Debug|Any CPU
		{E979F250-D5FA-4ADF-827F-C20CDD9B22EE}.Debug|Any CPU.Build.0 = Debug|Any CPU
		{E979F250-D5FA-4ADF-827F-C20CDD9B22EE}.Release|Any CPU.ActiveCfg = Release|Any CPU
		{E979F250-D5FA-4ADF-827F-C20CDD9B22EE}.Release|Any CPU.Build.0 = Release|Any CPU
	EndGlobalSection
	GlobalSection(SolutionProperties) = preSolution
		HideSolutionNode = FALSE
	EndGlobalSection
	GlobalSection(ExtensibilityGlobals) = postSolution
		SolutionGuid = {D0035D0C-8585-4341-A4DD-E9ABC5A2DE3F}
	EndGlobalSection
EndGlobal
